
Microsoft Visual Studio Solution File, Format Version 12.00
# Visual Studio Version 16
VisualStudioVersion = 16.0.29806.167
MinimumVisualStudioVersion = 10.0.40219.1
Project("{FAE04EC0-301F-11D3-BF4B-00C04F79EFBC}") = "BasicDocker4_App", "BasicDocker4_App.csproj", "{D9C74B17-EC42-4FF0-8F3B-B3BF30B8FE6B}"
EndProject
Global
	GlobalSection(SolutionConfigurationPlatforms) = preSolution
		Debug|Any CPU = Debug|Any CPU
		Release|Any CPU = Release|Any CPU
	EndGlobalSection
	GlobalSection(ProjectConfigurationPlatforms) = postSolution
		{D9C74B17-EC42-4FF0-8F3B-B3BF30B8FE6B}.Debug|Any CPU.ActiveCfg = Debug|Any CPU
		{D9C74B17-EC42-4FF0-8F3B-B3BF30B8FE6B}.Debug|Any CPU.Build.0 = Debug|Any CPU
		{D9C74B17-EC42-4FF0-8F3B-B3BF30B8FE6B}.Release|Any CPU.ActiveCfg = Release|Any CPU
		{D9C74B17-EC42-4FF0-8F3B-B3BF30B8FE6B}.Release|Any CPU.Build.0 = Release|Any CPU
	EndGlobalSection
	GlobalSection(SolutionProperties) = preSolution
		HideSolutionNode = FALSE
	EndGlobalSection
	GlobalSection(ExtensibilityGlobals) = postSolution
		SolutionGuid = {6EFB2E31-A923-459A-BDAB-034D0D47A25E}
	EndGlobalSection
EndGlobal
